
Microsoft Visual Studio Solution File, Format Version 12.00
# Visual Studio Version 17
VisualStudioVersion = 17.13.35825.156 d17.13
MinimumVisualStudioVersion = 10.0.40219.1
Project("{FAE04EC0-301F-11D3-BF4B-00C04F79EFBC}") = "ConsoleApp1", "ConsoleApp1\ConsoleApp1.csproj", "{BC52F41B-4369-4D40-87A5-CB4F225B2D71}"
EndProject
Global
	GlobalSection(SolutionConfigurationPlatforms) = preSolution
		Debug|Any CPU = Debug|Any CPU
		Release|Any CPU = Release|Any CPU
	EndGlobalSection
	GlobalSection(ProjectConfigurationPlatforms) = postSolution
		{BC52F41B-4369-4D40-87A5-CB4F225B2D71}.Debug|Any CPU.ActiveCfg = Debug|Any CPU
		{BC52F41B-4369-4D40-87A5-CB4F225B2D71}.Debug|Any CPU.Build.0 = Debug|Any CPU
		{BC52F41B-4369-4D40-87A5-CB4F225B2D71}.Release|Any CPU.ActiveCfg = Release|Any CPU
		{BC52F41B-4369-4D40-87A5-CB4F225B2D71}.Release|Any CPU.Build.0 = Release|Any CPU
	EndGlobalSection
	GlobalSection(SolutionProperties) = preSolution
		HideSolutionNode = FALSE
	EndGlobalSection
	GlobalSection(ExtensibilityGlobals) = postSolution
		SolutionGuid = {F41D7704-C5FD-4C3C-A374-57EF19273BEE}
	EndGlobalSection
EndGlobal
